
Microsoft Visual Studio Solution File, Format Version 12.00
# Visual Studio 2010
Project("{FAE04EC0-301F-11D3-BF4B-00C04F79EFBC}") = "FleetHackers", "FleetHackers\FleetHackers\FleetHackers.csproj", "{F0725170-A25F-4BD4-BF5E-CC9A12C94EB2}"
EndProject
Project("{FAE04EC0-301F-11D3-BF4B-00C04F79EFBC}") = "FleetHackersContent", "FleetHackers\FleetHackersContent\FleetHackersContent.contentproj", "{9234A657-8830-4EF0-89C4-619BD2D754F3}"
EndProject
Project("{2150E333-8FDC-42A3-9474-1A3956D46DE8}") = "Tools", "Tools", "{711CAB5B-CB28-4F25-881B-0E5EA8D1E419}"
EndProject
Project("{2150E333-8FDC-42A3-9474-1A3956D46DE8}") = "Editor", "Editor", "{5E3ADEB8-E329-401E-ABDE-8C81A951E481}"
EndProject
Project("{2150E333-8FDC-42A3-9474-1A3956D46DE8}") = "GameServer", "GameServer", "{3F8DF296-F088-4626-BB52-3C6215C90CA1}"
EndProject
Project("{2150E333-8FDC-42A3-9474-1A3956D46DE8}") = "Documents", "Documents", "{CF02B7F4-1C06-4267-9750-785A670FF9C5}"
	ProjectSection(SolutionItems) = preProject
		Documents\Fleet_Hackers _design_2.docx = Documents\Fleet_Hackers _design_2.docx
		text.txt = text.txt
	EndProjectSection
EndProject
Project("{2150E333-8FDC-42A3-9474-1A3956D46DE8}") = "Pictures", "Pictures", "{2CFCE529-300C-42D9-A8CE-FDF978F7184A}"
	ProjectSection(SolutionItems) = preProject
		Documents\Pictures\tumblr_mv1wl8rTWd1sm15veo1_1280.jpg = Documents\Pictures\tumblr_mv1wl8rTWd1sm15veo1_1280.jpg
		Documents\Pictures\tumblr_mv1wlpIZJw1sm15veo1_1280.jpg = Documents\Pictures\tumblr_mv1wlpIZJw1sm15veo1_1280.jpg
		Documents\Pictures\tumblr_mv1wmgI1SA1sm15veo1_1280.jpg = Documents\Pictures\tumblr_mv1wmgI1SA1sm15veo1_1280.jpg
		Documents\Pictures\tumblr_mv1wn1xElq1sm15veo1_1280.jpg = Documents\Pictures\tumblr_mv1wn1xElq1sm15veo1_1280.jpg
		Documents\Pictures\tumblr_mv2rv8Xhk61sm15veo1_1280.jpg = Documents\Pictures\tumblr_mv2rv8Xhk61sm15veo1_1280.jpg
		Documents\Pictures\tumblr_mv506qbp8s1sm15veo1_1280.jpg = Documents\Pictures\tumblr_mv506qbp8s1sm15veo1_1280.jpg
		Documents\Pictures\tumblr_mv507hZBy51sm15veo1_1280.jpg = Documents\Pictures\tumblr_mv507hZBy51sm15veo1_1280.jpg
		Documents\Pictures\tumblr_mv508mcPSf1sm15veo1_1280.jpg = Documents\Pictures\tumblr_mv508mcPSf1sm15veo1_1280.jpg
		Documents\Pictures\tumblr_mv509p4yYj1sm15veo1_1280.jpg = Documents\Pictures\tumblr_mv509p4yYj1sm15veo1_1280.jpg
		Documents\Pictures\tumblr_mvcrvqTWNP1sm15veo1_1280.jpg = Documents\Pictures\tumblr_mvcrvqTWNP1sm15veo1_1280.jpg
		Documents\Pictures\tumblr_mvcyfvVbzw1sm15veo1_1280.png = Documents\Pictures\tumblr_mvcyfvVbzw1sm15veo1_1280.png
		Documents\Pictures\tumblr_mvdxfnU9Mk1sm15veo1_1280.jpg = Documents\Pictures\tumblr_mvdxfnU9Mk1sm15veo1_1280.jpg
		Documents\Pictures\tumblr_mvil7y0fOV1sm15veo1_1280.png = Documents\Pictures\tumblr_mvil7y0fOV1sm15veo1_1280.png
		Documents\Pictures\tumblr_mvil7y0fOV1sm15veo2_r1_1280.png = Documents\Pictures\tumblr_mvil7y0fOV1sm15veo2_r1_1280.png
		Documents\Pictures\tumblr_mvil7y0fOV1sm15veo3_r1_1280.png = Documents\Pictures\tumblr_mvil7y0fOV1sm15veo3_r1_1280.png
		Documents\Pictures\tumblr_mvrf0yZRUb1sm15veo1_1280.jpg = Documents\Pictures\tumblr_mvrf0yZRUb1sm15veo1_1280.jpg
		Documents\Pictures\tumblr_mvrf0yZRUb1sm15veo2_1280.jpg = Documents\Pictures\tumblr_mvrf0yZRUb1sm15veo2_1280.jpg
		Documents\Pictures\tumblr_mvrf0yZRUb1sm15veo3_1280.jpg = Documents\Pictures\tumblr_mvrf0yZRUb1sm15veo3_1280.jpg
		Documents\Pictures\tumblr_mvrf0yZRUb1sm15veo4_250.jpg = Documents\Pictures\tumblr_mvrf0yZRUb1sm15veo4_250.jpg
		Documents\Pictures\tumblr_mvrf0yZRUb1sm15veo5_1280.jpg = Documents\Pictures\tumblr_mvrf0yZRUb1sm15veo5_1280.jpg
		Documents\Pictures\tumblr_mvvobhqKXF1sm15veo3_1280.jpg = Documents\Pictures\tumblr_mvvobhqKXF1sm15veo3_1280.jpg
		Documents\Pictures\tumblr_mvxasiOidP1sm15veo1_1280.jpg = Documents\Pictures\tumblr_mvxasiOidP1sm15veo1_1280.jpg
		Documents\Pictures\tumblr_mw0cars0t71sm15veo1_1280.jpg = Documents\Pictures\tumblr_mw0cars0t71sm15veo1_1280.jpg
		Documents\Pictures\tumblr_mw0cars0t71sm15veo2_1280.jpg = Documents\Pictures\tumblr_mw0cars0t71sm15veo2_1280.jpg
		Documents\Pictures\tumblr_mw0cc9F61O1sm15veo1_1280.jpg = Documents\Pictures\tumblr_mw0cc9F61O1sm15veo1_1280.jpg
		Documents\Pictures\tumblr_mw0cgx00St1sm15veo1_1280.jpg = Documents\Pictures\tumblr_mw0cgx00St1sm15veo1_1280.jpg
		Documents\Pictures\tumblr_mw8pujFzai1sm15veo1_1280.jpg = Documents\Pictures\tumblr_mw8pujFzai1sm15veo1_1280.jpg
		Documents\Pictures\tumblr_mwfc0w2nba1sm15veo1_1280.jpg = Documents\Pictures\tumblr_mwfc0w2nba1sm15veo1_1280.jpg
		Documents\Pictures\tumblr_mwhnp9CAuT1sm15veo1_1280.jpg = Documents\Pictures\tumblr_mwhnp9CAuT1sm15veo1_1280.jpg
		Documents\Pictures\tumblr_mwho3aMOGj1sm15veo1_500.png = Documents\Pictures\tumblr_mwho3aMOGj1sm15veo1_500.png
		Documents\Pictures\tumblr_mwho3aMOGj1sm15veo2_500.png = Documents\Pictures\tumblr_mwho3aMOGj1sm15veo2_500.png
		Documents\Pictures\tumblr_mwho3aMOGj1sm15veo3_500.png = Documents\Pictures\tumblr_mwho3aMOGj1sm15veo3_500.png
		Documents\Pictures\tumblr_mws14ePvq31sm15veo2_1280.jpg = Documents\Pictures\tumblr_mws14ePvq31sm15veo2_1280.jpg
		Documents\Pictures\tumblr_mwwalxxxeV1sm15veo1_r1_1280.jpg = Documents\Pictures\tumblr_mwwalxxxeV1sm15veo1_r1_1280.jpg
		Documents\Pictures\tumblr_mwwalxxxeV1sm15veo2_r1_500.jpg = Documents\Pictures\tumblr_mwwalxxxeV1sm15veo2_r1_500.jpg
	EndProjectSection
EndProject
Project("{FAE04EC0-301F-11D3-BF4B-00C04F79EFBC}") = "RandomObjectGenerator", "RandomObjectGenerator\RandomObjectGenerator.csproj", "{01E5929B-1D39-4BAB-92FE-B3806F1CAEE0}"
EndProject
Project("{FAE04EC0-301F-11D3-BF4B-00C04F79EFBC}") = "ShipEditor", "ShipEditor\ShipEditor.csproj", "{49BC5DFF-0ADD-4A48-9D67-3B29AB14C5DE}"
EndProject
Project("{FAE04EC0-301F-11D3-BF4B-00C04F79EFBC}") = "CardEditor", "CardEditor\CardEditor.csproj", "{A3FD1AA0-65A4-4192-A3BF-00F210847B6D}"
EndProject
Project("{FAE04EC0-301F-11D3-BF4B-00C04F79EFBC}") = "LevelEditor", "LevelEditor\LevelEditor.csproj", "{2352A3BA-86A3-412C-873E-9FA8BDD1C8E5}"
EndProject
Project("{FAE04EC0-301F-11D3-BF4B-00C04F79EFBC}") = "FleetHackersServer", "FleetHackersServer\FleetHackersServer.csproj", "{786565D1-E4EE-4C10-9F76-9C5D8726B754}"
EndProject
Global
	GlobalSection(TeamFoundationVersionControl) = preSolution
		SccNumberOfProjects = 8
		SccEnterpriseProvider = {4CA58AB2-18FA-4F8D-95D4-32DDF27D184C}
		SccTeamFoundationServer = https://tfs.codeplex.com/tfs/tfs31
		SccLocalPath0 = .
		SccProjectUniqueName1 = FleetHackers\\FleetHackers\\FleetHackers.csproj
		SccProjectName1 = FleetHackers/FleetHackers
		SccLocalPath1 = FleetHackers\\FleetHackers
		SccProjectUniqueName2 = FleetHackers\\FleetHackersContent\\FleetHackersContent.contentproj
		SccProjectName2 = FleetHackers/FleetHackersContent
		SccLocalPath2 = FleetHackers\\FleetHackersContent
		SccProjectUniqueName3 = RandomObjectGenerator\\RandomObjectGenerator.csproj
		SccProjectTopLevelParentUniqueName3 = FleetHackers.sln
		SccProjectName3 = RandomObjectGenerator
		SccLocalPath3 = RandomObjectGenerator
		SccProjectUniqueName4 = ShipEditor\\ShipEditor.csproj
		SccProjectTopLevelParentUniqueName4 = FleetHackers.sln
		SccProjectName4 = ShipEditor
		SccLocalPath4 = ShipEditor
		SccProjectUniqueName5 = CardEditor\\CardEditor.csproj
		SccProjectTopLevelParentUniqueName5 = FleetHackers.sln
		SccProjectName5 = CardEditor
		SccLocalPath5 = CardEditor
		SccProjectUniqueName6 = LevelEditor\\LevelEditor.csproj
		SccProjectTopLevelParentUniqueName6 = FleetHackers.sln
		SccProjectName6 = LevelEditor
		SccLocalPath6 = LevelEditor
		SccProjectUniqueName7 = FleetHackersServer\\FleetHackersServer.csproj
		SccProjectTopLevelParentUniqueName7 = FleetHackers.sln
		SccProjectName7 = FleetHackersServer
		SccLocalPath7 = FleetHackersServer
	EndGlobalSection
	GlobalSection(SolutionConfigurationPlatforms) = preSolution
		Debug|Any CPU = Debug|Any CPU
		Debug|Mixed Platforms = Debug|Mixed Platforms
		Debug|x86 = Debug|x86
		Release|Any CPU = Release|Any CPU
		Release|Mixed Platforms = Release|Mixed Platforms
		Release|x86 = Release|x86
	EndGlobalSection
	GlobalSection(ProjectConfigurationPlatforms) = postSolution
		{F0725170-A25F-4BD4-BF5E-CC9A12C94EB2}.Debug|Any CPU.ActiveCfg = Debug|x86
		{F0725170-A25F-4BD4-BF5E-CC9A12C94EB2}.Debug|Mixed Platforms.ActiveCfg = Debug|x86
		{F0725170-A25F-4BD4-BF5E-CC9A12C94EB2}.Debug|Mixed Platforms.Build.0 = Debug|x86
		{F0725170-A25F-4BD4-BF5E-CC9A12C94EB2}.Debug|x86.ActiveCfg = Debug|x86
		{F0725170-A25F-4BD4-BF5E-CC9A12C94EB2}.Debug|x86.Build.0 = Debug|x86
		{F0725170-A25F-4BD4-BF5E-CC9A12C94EB2}.Release|Any CPU.ActiveCfg = Release|x86
		{F0725170-A25F-4BD4-BF5E-CC9A12C94EB2}.Release|Mixed Platforms.ActiveCfg = Release|x86
		{F0725170-A25F-4BD4-BF5E-CC9A12C94EB2}.Release|Mixed Platforms.Build.0 = Release|x86
		{F0725170-A25F-4BD4-BF5E-CC9A12C94EB2}.Release|x86.ActiveCfg = Release|x86
		{F0725170-A25F-4BD4-BF5E-CC9A12C94EB2}.Release|x86.Build.0 = Release|x86
		{9234A657-8830-4EF0-89C4-619BD2D754F3}.Debug|Any CPU.ActiveCfg = Debug|x86
		{9234A657-8830-4EF0-89C4-619BD2D754F3}.Debug|Mixed Platforms.ActiveCfg = Debug|x86
		{9234A657-8830-4EF0-89C4-619BD2D754F3}.Debug|x86.ActiveCfg = Debug|x86
		{9234A657-8830-4EF0-89C4-619BD2D754F3}.Release|Any CPU.ActiveCfg = Release|x86
		{9234A657-8830-4EF0-89C4-619BD2D754F3}.Release|Mixed Platforms.ActiveCfg = Release|x86
		{9234A657-8830-4EF0-89C4-619BD2D754F3}.Release|x86.ActiveCfg = Release|x86
		{01E5929B-1D39-4BAB-92FE-B3806F1CAEE0}.Debug|Any CPU.ActiveCfg = Debug|x86
		{01E5929B-1D39-4BAB-92FE-B3806F1CAEE0}.Debug|Mixed Platforms.ActiveCfg = Debug|x86
		{01E5929B-1D39-4BAB-92FE-B3806F1CAEE0}.Debug|Mixed Platforms.Build.0 = Debug|x86
		{01E5929B-1D39-4BAB-92FE-B3806F1CAEE0}.Debug|x86.ActiveCfg = Debug|x86
		{01E5929B-1D39-4BAB-92FE-B3806F1CAEE0}.Debug|x86.Build.0 = Debug|x86
		{01E5929B-1D39-4BAB-92FE-B3806F1CAEE0}.Release|Any CPU.ActiveCfg = Release|x86
		{01E5929B-1D39-4BAB-92FE-B3806F1CAEE0}.Release|Mixed Platforms.ActiveCfg = Release|x86
		{01E5929B-1D39-4BAB-92FE-B3806F1CAEE0}.Release|Mixed Platforms.Build.0 = Release|x86
		{01E5929B-1D39-4BAB-92FE-B3806F1CAEE0}.Release|x86.ActiveCfg = Release|x86
		{01E5929B-1D39-4BAB-92FE-B3806F1CAEE0}.Release|x86.Build.0 = Release|x86
		{49BC5DFF-0ADD-4A48-9D67-3B29AB14C5DE}.Debug|Any CPU.ActiveCfg = Debug|x86
		{49BC5DFF-0ADD-4A48-9D67-3B29AB14C5DE}.Debug|Mixed Platforms.ActiveCfg = Debug|x86
		{49BC5DFF-0ADD-4A48-9D67-3B29AB14C5DE}.Debug|Mixed Platforms.Build.0 = Debug|x86
		{49BC5DFF-0ADD-4A48-9D67-3B29AB14C5DE}.Debug|x86.ActiveCfg = Debug|x86
		{49BC5DFF-0ADD-4A48-9D67-3B29AB14C5DE}.Debug|x86.Build.0 = Debug|x86
		{49BC5DFF-0ADD-4A48-9D67-3B29AB14C5DE}.Release|Any CPU.ActiveCfg = Release|x86
		{49BC5DFF-0ADD-4A48-9D67-3B29AB14C5DE}.Release|Mixed Platforms.ActiveCfg = Release|x86
		{49BC5DFF-0ADD-4A48-9D67-3B29AB14C5DE}.Release|Mixed Platforms.Build.0 = Release|x86
		{49BC5DFF-0ADD-4A48-9D67-3B29AB14C5DE}.Release|x86.ActiveCfg = Release|x86
		{49BC5DFF-0ADD-4A48-9D67-3B29AB14C5DE}.Release|x86.Build.0 = Release|x86
		{A3FD1AA0-65A4-4192-A3BF-00F210847B6D}.Debug|Any CPU.ActiveCfg = Debug|x86
		{A3FD1AA0-65A4-4192-A3BF-00F210847B6D}.Debug|Mixed Platforms.ActiveCfg = Debug|x86
		{A3FD1AA0-65A4-4192-A3BF-00F210847B6D}.Debug|Mixed Platforms.Build.0 = Debug|x86
		{A3FD1AA0-65A4-4192-A3BF-00F210847B6D}.Debug|x86.ActiveCfg = Debug|x86
		{A3FD1AA0-65A4-4192-A3BF-00F210847B6D}.Debug|x86.Build.0 = Debug|x86
		{A3FD1AA0-65A4-4192-A3BF-00F210847B6D}.Release|Any CPU.ActiveCfg = Release|x86
		{A3FD1AA0-65A4-4192-A3BF-00F210847B6D}.Release|Mixed Platforms.ActiveCfg = Release|x86
		{A3FD1AA0-65A4-4192-A3BF-00F210847B6D}.Release|Mixed Platforms.Build.0 = Release|x86
		{A3FD1AA0-65A4-4192-A3BF-00F210847B6D}.Release|x86.ActiveCfg = Release|x86
		{A3FD1AA0-65A4-4192-A3BF-00F210847B6D}.Release|x86.Build.0 = Release|x86
		{2352A3BA-86A3-412C-873E-9FA8BDD1C8E5}.Debug|Any CPU.ActiveCfg = Debug|x86
		{2352A3BA-86A3-412C-873E-9FA8BDD1C8E5}.Debug|Mixed Platforms.ActiveCfg = Debug|x86
		{2352A3BA-86A3-412C-873E-9FA8BDD1C8E5}.Debug|Mixed Platforms.Build.0 = Debug|x86
		{2352A3BA-86A3-412C-873E-9FA8BDD1C8E5}.Debug|x86.ActiveCfg = Debug|x86
		{2352A3BA-86A3-412C-873E-9FA8BDD1C8E5}.Debug|x86.Build.0 = Debug|x86
		{2352A3BA-86A3-412C-873E-9FA8BDD1C8E5}.Release|Any CPU.ActiveCfg = Release|x86
		{2352A3BA-86A3-412C-873E-9FA8BDD1C8E5}.Release|Mixed Platforms.ActiveCfg = Release|x86
		{2352A3BA-86A3-412C-873E-9FA8BDD1C8E5}.Release|Mixed Platforms.Build.0 = Release|x86
		{2352A3BA-86A3-412C-873E-9FA8BDD1C8E5}.Release|x86.ActiveCfg = Release|x86
		{2352A3BA-86A3-412C-873E-9FA8BDD1C8E5}.Release|x86.Build.0 = Release|x86
		{786565D1-E4EE-4C10-9F76-9C5D8726B754}.Debug|Any CPU.ActiveCfg = Debug|Any CPU
		{786565D1-E4EE-4C10-9F76-9C5D8726B754}.Debug|Any CPU.Build.0 = Debug|Any CPU
		{786565D1-E4EE-4C10-9F76-9C5D8726B754}.Debug|Mixed Platforms.ActiveCfg = Debug|Any CPU
		{786565D1-E4EE-4C10-9F76-9C5D8726B754}.Debug|Mixed Platforms.Build.0 = Debug|Any CPU
		{786565D1-E4EE-4C10-9F76-9C5D8726B754}.Debug|x86.ActiveCfg = Debug|Any CPU
		{786565D1-E4EE-4C10-9F76-9C5D8726B754}.Release|Any CPU.ActiveCfg = Release|Any CPU
		{786565D1-E4EE-4C10-9F76-9C5D8726B754}.Release|Any CPU.Build.0 = Release|Any CPU
		{786565D1-E4EE-4C10-9F76-9C5D8726B754}.Release|Mixed Platforms.ActiveCfg = Release|Any CPU
		{786565D1-E4EE-4C10-9F76-9C5D8726B754}.Release|Mixed Platforms.Build.0 = Release|Any CPU
		{786565D1-E4EE-4C10-9F76-9C5D8726B754}.Release|x86.ActiveCfg = Release|Any CPU
	EndGlobalSection
	GlobalSection(SolutionProperties) = preSolution
		HideSolutionNode = FALSE
	EndGlobalSection
	GlobalSection(NestedProjects) = preSolution
		{01E5929B-1D39-4BAB-92FE-B3806F1CAEE0} = {711CAB5B-CB28-4F25-881B-0E5EA8D1E419}
		{49BC5DFF-0ADD-4A48-9D67-3B29AB14C5DE} = {5E3ADEB8-E329-401E-ABDE-8C81A951E481}
		{A3FD1AA0-65A4-4192-A3BF-00F210847B6D} = {5E3ADEB8-E329-401E-ABDE-8C81A951E481}
		{2352A3BA-86A3-412C-873E-9FA8BDD1C8E5} = {5E3ADEB8-E329-401E-ABDE-8C81A951E481}
		{786565D1-E4EE-4C10-9F76-9C5D8726B754} = {3F8DF296-F088-4626-BB52-3C6215C90CA1}
		{2CFCE529-300C-42D9-A8CE-FDF978F7184A} = {CF02B7F4-1C06-4267-9750-785A670FF9C5}
	EndGlobalSection
EndGlobal
